// !$*UTF8*$!
{
	archiveVersion = 1;
	classes = {
	};
	objectVersion = 56;
	objects = {

/* Begin PBXBuildFile section */
		1C374DF82C7B269D0098C9A8 /* SetGoalView.swift in Sources */ = {isa = PBXBuildFile; fileRef = 1C374DF72C7B269D0098C9A8 /* SetGoalView.swift */; };
		1C51C8CF2C785A5400A3B796 /* CircularLogo.swift in Sources */ = {isa = PBXBuildFile; fileRef = 1C51C8CE2C785A5400A3B796 /* CircularLogo.swift */; };
		1C51C8D62C78696600A3B796 /* SessionManager.swift in Sources */ = {isa = PBXBuildFile; fileRef = 1C51C8D52C78696600A3B796 /* SessionManager.swift */; };
		1C51C8D82C786B1900A3B796 /* WelcomeView.swift in Sources */ = {isa = PBXBuildFile; fileRef = 1C51C8D72C786B1900A3B796 /* WelcomeView.swift */; };
		1C51C8DA2C786D6D00A3B796 /* StepsView.swift in Sources */ = {isa = PBXBuildFile; fileRef = 1C51C8D92C786D6D00A3B796 /* StepsView.swift */; };
		1C51C8DC2C7B051600A3B796 /* MainAppView.swift in Sources */ = {isa = PBXBuildFile; fileRef = 1C51C8DB2C7B051600A3B796 /* MainAppView.swift */; };
		1C8FBCEA2C74AA3F00F6E5AC /* ScreenTime_KillerApp.swift in Sources */ = {isa = PBXBuildFile; fileRef = 1C8FBCE92C74AA3F00F6E5AC /* ScreenTime_KillerApp.swift */; };
		1C8FBCEC2C74AA3F00F6E5AC /* ContentView.swift in Sources */ = {isa = PBXBuildFile; fileRef = 1C8FBCEB2C74AA3F00F6E5AC /* ContentView.swift */; };
		1C8FBCEE2C74AA4100F6E5AC /* Assets.xcassets in Resources */ = {isa = PBXBuildFile; fileRef = 1C8FBCED2C74AA4100F6E5AC /* Assets.xcassets */; };
		1C8FBCF12C74AA4100F6E5AC /* Preview Assets.xcassets in Resources */ = {isa = PBXBuildFile; fileRef = 1C8FBCF02C74AA4100F6E5AC /* Preview Assets.xcassets */; };
		1C8FBCFB2C74AA4100F6E5AC /* ScreenTime_KillerTests.swift in Sources */ = {isa = PBXBuildFile; fileRef = 1C8FBCFA2C74AA4100F6E5AC /* ScreenTime_KillerTests.swift */; };
		1C8FBD052C74AA4100F6E5AC /* ScreenTime_KillerUITests.swift in Sources */ = {isa = PBXBuildFile; fileRef = 1C8FBD042C74AA4100F6E5AC /* ScreenTime_KillerUITests.swift */; };
		1C8FBD072C74AA4100F6E5AC /* ScreenTime_KillerUITestsLaunchTests.swift in Sources */ = {isa = PBXBuildFile; fileRef = 1C8FBD062C74AA4100F6E5AC /* ScreenTime_KillerUITestsLaunchTests.swift */; };
		1CA5514B2C7B1EB8002CAF37 /* PhosphorSwift in Frameworks */ = {isa = PBXBuildFile; productRef = 1CA5514A2C7B1EB8002CAF37 /* PhosphorSwift */; };
		1CA6D51E2C7C62A400525341 /* SetPriceView.swift in Sources */ = {isa = PBXBuildFile; fileRef = 1CA6D51D2C7C62A400525341 /* SetPriceView.swift */; };
		1CA6D5202C7DAA4E00525341 /* GrantPermissionsView.swift in Sources */ = {isa = PBXBuildFile; fileRef = 1CA6D51F2C7DAA4E00525341 /* GrantPermissionsView.swift */; };
		1CA6D5222C7DAADB00525341 /* NextStepButton.swift in Sources */ = {isa = PBXBuildFile; fileRef = 1CA6D5212C7DAADB00525341 /* NextStepButton.swift */; };
		1CACCCA72C7C4D3300687EA9 /* TimePicker.swift in Sources */ = {isa = PBXBuildFile; fileRef = 1CACCCA62C7C4D3300687EA9 /* TimePicker.swift */; };
/* End PBXBuildFile section */

/* Begin PBXContainerItemProxy section */
		1C8FBCF72C74AA4100F6E5AC /* PBXContainerItemProxy */ = {
			isa = PBXContainerItemProxy;
			containerPortal = 1C8FBCDE2C74AA3F00F6E5AC /* Project object */;
			proxyType = 1;
			remoteGlobalIDString = 1C8FBCE52C74AA3F00F6E5AC;
			remoteInfo = "ScreenTime Killer";
		};
		1C8FBD012C74AA4100F6E5AC /* PBXContainerItemProxy */ = {
			isa = PBXContainerItemProxy;
			containerPortal = 1C8FBCDE2C74AA3F00F6E5AC /* Project object */;
			proxyType = 1;
			remoteGlobalIDString = 1C8FBCE52C74AA3F00F6E5AC;
			remoteInfo = "ScreenTime Killer";
		};
/* End PBXContainerItemProxy section */

/* Begin PBXCopyFilesBuildPhase section */
		1C8FBD272C75985A00F6E5AC /* Embed ExtensionKit Extensions */ = {
			isa = PBXCopyFilesBuildPhase;
			buildActionMask = 2147483647;
			dstPath = "$(EXTENSIONS_FOLDER_PATH)";
			dstSubfolderSpec = 16;
			files = (
			);
			name = "Embed ExtensionKit Extensions";
			runOnlyForDeploymentPostprocessing = 0;
		};
/* End PBXCopyFilesBuildPhase section */

/* Begin PBXFileReference section */
		1C374DF72C7B269D0098C9A8 /* SetGoalView.swift */ = {isa = PBXFileReference; lastKnownFileType = sourcecode.swift; path = SetGoalView.swift; sourceTree = "<group>"; };
		1C39911A2C75AF2300CECE2D /* ScreenTime Killer.entitlements */ = {isa = PBXFileReference; lastKnownFileType = text.plist.entitlements; path = "ScreenTime Killer.entitlements"; sourceTree = "<group>"; };
		1C51C8CE2C785A5400A3B796 /* CircularLogo.swift */ = {isa = PBXFileReference; lastKnownFileType = sourcecode.swift; path = CircularLogo.swift; sourceTree = "<group>"; };
		1C51C8D52C78696600A3B796 /* SessionManager.swift */ = {isa = PBXFileReference; lastKnownFileType = sourcecode.swift; path = SessionManager.swift; sourceTree = "<group>"; };
		1C51C8D72C786B1900A3B796 /* WelcomeView.swift */ = {isa = PBXFileReference; lastKnownFileType = sourcecode.swift; path = WelcomeView.swift; sourceTree = "<group>"; };
		1C51C8D92C786D6D00A3B796 /* StepsView.swift */ = {isa = PBXFileReference; lastKnownFileType = sourcecode.swift; path = StepsView.swift; sourceTree = "<group>"; };
		1C51C8DB2C7B051600A3B796 /* MainAppView.swift */ = {isa = PBXFileReference; lastKnownFileType = sourcecode.swift; path = MainAppView.swift; sourceTree = "<group>"; };
		1C8FBCE62C74AA3F00F6E5AC /* ScreenTime Killer.app */ = {isa = PBXFileReference; explicitFileType = wrapper.application; includeInIndex = 0; path = "ScreenTime Killer.app"; sourceTree = BUILT_PRODUCTS_DIR; };
		1C8FBCE92C74AA3F00F6E5AC /* ScreenTime_KillerApp.swift */ = {isa = PBXFileReference; lastKnownFileType = sourcecode.swift; path = ScreenTime_KillerApp.swift; sourceTree = "<group>"; };
		1C8FBCEB2C74AA3F00F6E5AC /* ContentView.swift */ = {isa = PBXFileReference; lastKnownFileType = sourcecode.swift; path = ContentView.swift; sourceTree = "<group>"; };
		1C8FBCED2C74AA4100F6E5AC /* Assets.xcassets */ = {isa = PBXFileReference; lastKnownFileType = folder.assetcatalog; path = Assets.xcassets; sourceTree = "<group>"; };
		1C8FBCF02C74AA4100F6E5AC /* Preview Assets.xcassets */ = {isa = PBXFileReference; lastKnownFileType = folder.assetcatalog; path = "Preview Assets.xcassets"; sourceTree = "<group>"; };
		1C8FBCF62C74AA4100F6E5AC /* ScreenTime KillerTests.xctest */ = {isa = PBXFileReference; explicitFileType = wrapper.cfbundle; includeInIndex = 0; path = "ScreenTime KillerTests.xctest"; sourceTree = BUILT_PRODUCTS_DIR; };
		1C8FBCFA2C74AA4100F6E5AC /* ScreenTime_KillerTests.swift */ = {isa = PBXFileReference; lastKnownFileType = sourcecode.swift; path = ScreenTime_KillerTests.swift; sourceTree = "<group>"; };
		1C8FBD002C74AA4100F6E5AC /* ScreenTime KillerUITests.xctest */ = {isa = PBXFileReference; explicitFileType = wrapper.cfbundle; includeInIndex = 0; path = "ScreenTime KillerUITests.xctest"; sourceTree = BUILT_PRODUCTS_DIR; };
		1C8FBD042C74AA4100F6E5AC /* ScreenTime_KillerUITests.swift */ = {isa = PBXFileReference; lastKnownFileType = sourcecode.swift; path = ScreenTime_KillerUITests.swift; sourceTree = "<group>"; };
		1C8FBD062C74AA4100F6E5AC /* ScreenTime_KillerUITestsLaunchTests.swift */ = {isa = PBXFileReference; lastKnownFileType = sourcecode.swift; path = ScreenTime_KillerUITestsLaunchTests.swift; sourceTree = "<group>"; };
		1CA6D51D2C7C62A400525341 /* SetPriceView.swift */ = {isa = PBXFileReference; lastKnownFileType = sourcecode.swift; path = SetPriceView.swift; sourceTree = "<group>"; };
		1CA6D51F2C7DAA4E00525341 /* GrantPermissionsView.swift */ = {isa = PBXFileReference; lastKnownFileType = sourcecode.swift; path = GrantPermissionsView.swift; sourceTree = "<group>"; };
		1CA6D5212C7DAADB00525341 /* NextStepButton.swift */ = {isa = PBXFileReference; lastKnownFileType = sourcecode.swift; name = NextStepButton.swift; path = "ScreenTime Killer/Components/NextStepButton.swift"; sourceTree = SOURCE_ROOT; };
		1CACCCA62C7C4D3300687EA9 /* TimePicker.swift */ = {isa = PBXFileReference; lastKnownFileType = sourcecode.swift; path = TimePicker.swift; sourceTree = "<group>"; };
/* End PBXFileReference section */

/* Begin PBXFrameworksBuildPhase section */
		1C8FBCE32C74AA3F00F6E5AC /* Frameworks */ = {
			isa = PBXFrameworksBuildPhase;
			buildActionMask = 2147483647;
			files = (
				1CA5514B2C7B1EB8002CAF37 /* PhosphorSwift in Frameworks */,
			);
			runOnlyForDeploymentPostprocessing = 0;
		};
		1C8FBCF32C74AA4100F6E5AC /* Frameworks */ = {
			isa = PBXFrameworksBuildPhase;
			buildActionMask = 2147483647;
			files = (
			);
			runOnlyForDeploymentPostprocessing = 0;
		};
		1C8FBCFD2C74AA4100F6E5AC /* Frameworks */ = {
			isa = PBXFrameworksBuildPhase;
			buildActionMask = 2147483647;
			files = (
			);
			runOnlyForDeploymentPostprocessing = 0;
		};
/* End PBXFrameworksBuildPhase section */

/* Begin PBXGroup section */
		1C51C8D12C78641700A3B796 /* Views */ = {
			isa = PBXGroup;
			children = (
				1C51C8DB2C7B051600A3B796 /* MainAppView.swift */,
				1C8FBCEB2C74AA3F00F6E5AC /* ContentView.swift */,
				1CA6D51F2C7DAA4E00525341 /* GrantPermissionsView.swift */,
				1C51C8D72C786B1900A3B796 /* WelcomeView.swift */,
				1C374DF72C7B269D0098C9A8 /* SetGoalView.swift */,
				1CA6D51D2C7C62A400525341 /* SetPriceView.swift */,
				1C51C8D92C786D6D00A3B796 /* StepsView.swift */,
			);
			path = Views;
			sourceTree = "<group>";
		};
		1C8FBCDD2C74AA3F00F6E5AC = {
			isa = PBXGroup;
			children = (
				1C8FBCE82C74AA3F00F6E5AC /* ScreenTime Killer */,
				1C8FBCF92C74AA4100F6E5AC /* ScreenTime KillerTests */,
				1C8FBD032C74AA4100F6E5AC /* ScreenTime KillerUITests */,
				1C8FBCE72C74AA3F00F6E5AC /* Products */,
			);
			sourceTree = "<group>";
		};
		1C8FBCE72C74AA3F00F6E5AC /* Products */ = {
			isa = PBXGroup;
			children = (
				1C8FBCE62C74AA3F00F6E5AC /* ScreenTime Killer.app */,
				1C8FBCF62C74AA4100F6E5AC /* ScreenTime KillerTests.xctest */,
				1C8FBD002C74AA4100F6E5AC /* ScreenTime KillerUITests.xctest */,
			);
			name = Products;
			sourceTree = "<group>";
		};
		1C8FBCE82C74AA3F00F6E5AC /* ScreenTime Killer */ = {
			isa = PBXGroup;
			children = (
				1CA6D5232C7DAAE900525341 /* Components */,
				1C51C8D12C78641700A3B796 /* Views */,
				1C39911A2C75AF2300CECE2D /* ScreenTime Killer.entitlements */,
				1C8FBCE92C74AA3F00F6E5AC /* ScreenTime_KillerApp.swift */,
				1C51C8D52C78696600A3B796 /* SessionManager.swift */,
				1C8FBCED2C74AA4100F6E5AC /* Assets.xcassets */,
				1C8FBCEF2C74AA4100F6E5AC /* Preview Content */,
			);
			path = "ScreenTime Killer";
			sourceTree = "<group>";
		};
		1C8FBCEF2C74AA4100F6E5AC /* Preview Content */ = {
			isa = PBXGroup;
			children = (
				1C8FBCF02C74AA4100F6E5AC /* Preview Assets.xcassets */,
			);
			path = "Preview Content";
			sourceTree = "<group>";
		};
		1C8FBCF92C74AA4100F6E5AC /* ScreenTime KillerTests */ = {
			isa = PBXGroup;
			children = (
				1C8FBCFA2C74AA4100F6E5AC /* ScreenTime_KillerTests.swift */,
			);
			path = "ScreenTime KillerTests";
			sourceTree = "<group>";
		};
		1C8FBD032C74AA4100F6E5AC /* ScreenTime KillerUITests */ = {
			isa = PBXGroup;
			children = (
				1C8FBD042C74AA4100F6E5AC /* ScreenTime_KillerUITests.swift */,
				1C8FBD062C74AA4100F6E5AC /* ScreenTime_KillerUITestsLaunchTests.swift */,
			);
			path = "ScreenTime KillerUITests";
			sourceTree = "<group>";
		};
		1CA6D5232C7DAAE900525341 /* Components */ = {
			isa = PBXGroup;
			children = (
				1CA6D5212C7DAADB00525341 /* NextStepButton.swift */,
				1CACCCA62C7C4D3300687EA9 /* TimePicker.swift */,
				1C51C8CE2C785A5400A3B796 /* CircularLogo.swift */,
			);
			path = Components;
			sourceTree = "<group>";
		};
/* End PBXGroup section */

/* Begin PBXNativeTarget section */
		1C8FBCE52C74AA3F00F6E5AC /* ScreenTime Killer */ = {
			isa = PBXNativeTarget;
			buildConfigurationList = 1C8FBD0A2C74AA4100F6E5AC /* Build configuration list for PBXNativeTarget "ScreenTime Killer" */;
			buildPhases = (
				1C8FBCE22C74AA3F00F6E5AC /* Sources */,
				1C8FBCE32C74AA3F00F6E5AC /* Frameworks */,
				1C8FBCE42C74AA3F00F6E5AC /* Resources */,
				1C8FBD272C75985A00F6E5AC /* Embed ExtensionKit Extensions */,
			);
			buildRules = (
			);
			dependencies = (
			);
			name = "ScreenTime Killer";
			packageProductDependencies = (
				1CA5514A2C7B1EB8002CAF37 /* PhosphorSwift */,
			);
			productName = "ScreenTime Killer";
			productReference = 1C8FBCE62C74AA3F00F6E5AC /* ScreenTime Killer.app */;
			productType = "com.apple.product-type.application";
		};
		1C8FBCF52C74AA4100F6E5AC /* ScreenTime KillerTests */ = {
			isa = PBXNativeTarget;
			buildConfigurationList = 1C8FBD0D2C74AA4100F6E5AC /* Build configuration list for PBXNativeTarget "ScreenTime KillerTests" */;
			buildPhases = (
				1C8FBCF22C74AA4100F6E5AC /* Sources */,
				1C8FBCF32C74AA4100F6E5AC /* Frameworks */,
				1C8FBCF42C74AA4100F6E5AC /* Resources */,
			);
			buildRules = (
			);
			dependencies = (
				1C8FBCF82C74AA4100F6E5AC /* PBXTargetDependency */,
			);
			name = "ScreenTime KillerTests";
			productName = "ScreenTime KillerTests";
			productReference = 1C8FBCF62C74AA4100F6E5AC /* ScreenTime KillerTests.xctest */;
			productType = "com.apple.product-type.bundle.unit-test";
		};
		1C8FBCFF2C74AA4100F6E5AC /* ScreenTime KillerUITests */ = {
			isa = PBXNativeTarget;
			buildConfigurationList = 1C8FBD102C74AA4100F6E5AC /* Build configuration list for PBXNativeTarget "ScreenTime KillerUITests" */;
			buildPhases = (
				1C8FBCFC2C74AA4100F6E5AC /* Sources */,
				1C8FBCFD2C74AA4100F6E5AC /* Frameworks */,
				1C8FBCFE2C74AA4100F6E5AC /* Resources */,
			);
			buildRules = (
			);
			dependencies = (
				1C8FBD022C74AA4100F6E5AC /* PBXTargetDependency */,
			);
			name = "ScreenTime KillerUITests";
			productName = "ScreenTime KillerUITests";
			productReference = 1C8FBD002C74AA4100F6E5AC /* ScreenTime KillerUITests.xctest */;
			productType = "com.apple.product-type.bundle.ui-testing";
		};
/* End PBXNativeTarget section */

/* Begin PBXProject section */
		1C8FBCDE2C74AA3F00F6E5AC /* Project object */ = {
			isa = PBXProject;
			attributes = {
				BuildIndependentTargetsInParallel = 1;
				KnownAssetTags = (
					New,
				);
				LastSwiftUpdateCheck = 1540;
				LastUpgradeCheck = 1540;
				TargetAttributes = {
					1C8FBCE52C74AA3F00F6E5AC = {
						CreatedOnToolsVersion = 15.4;
					};
					1C8FBCF52C74AA4100F6E5AC = {
						CreatedOnToolsVersion = 15.4;
						TestTargetID = 1C8FBCE52C74AA3F00F6E5AC;
					};
					1C8FBCFF2C74AA4100F6E5AC = {
						CreatedOnToolsVersion = 15.4;
						TestTargetID = 1C8FBCE52C74AA3F00F6E5AC;
					};
				};
			};
			buildConfigurationList = 1C8FBCE12C74AA3F00F6E5AC /* Build configuration list for PBXProject "ScreenTime Killer" */;
			compatibilityVersion = "Xcode 14.0";
			developmentRegion = en;
			hasScannedForEncodings = 0;
			knownRegions = (
				en,
				Base,
			);
			mainGroup = 1C8FBCDD2C74AA3F00F6E5AC;
			packageReferences = (
				1CA551492C7B1EB8002CAF37 /* XCRemoteSwiftPackageReference "swift" */,
			);
			productRefGroup = 1C8FBCE72C74AA3F00F6E5AC /* Products */;
			projectDirPath = "";
			projectRoot = "";
			targets = (
				1C8FBCE52C74AA3F00F6E5AC /* ScreenTime Killer */,
				1C8FBCF52C74AA4100F6E5AC /* ScreenTime KillerTests */,
				1C8FBCFF2C74AA4100F6E5AC /* ScreenTime KillerUITests */,
			);
		};
/* End PBXProject section */

/* Begin PBXResourcesBuildPhase section */
		1C8FBCE42C74AA3F00F6E5AC /* Resources */ = {
			isa = PBXResourcesBuildPhase;
			buildActionMask = 2147483647;
			files = (
				1C8FBCF12C74AA4100F6E5AC /* Preview Assets.xcassets in Resources */,
				1C8FBCEE2C74AA4100F6E5AC /* Assets.xcassets in Resources */,
			);
			runOnlyForDeploymentPostprocessing = 0;
		};
		1C8FBCF42C74AA4100F6E5AC /* Resources */ = {
			isa = PBXResourcesBuildPhase;
			buildActionMask = 2147483647;
			files = (
			);
			runOnlyForDeploymentPostprocessing = 0;
		};
		1C8FBCFE2C74AA4100F6E5AC /* Resources */ = {
			isa = PBXResourcesBuildPhase;
			buildActionMask = 2147483647;
			files = (
			);
			runOnlyForDeploymentPostprocessing = 0;
		};
/* End PBXResourcesBuildPhase section */

/* Begin PBXSourcesBuildPhase section */
		1C8FBCE22C74AA3F00F6E5AC /* Sources */ = {
			isa = PBXSourcesBuildPhase;
			buildActionMask = 2147483647;
			files = (
				1CA6D51E2C7C62A400525341 /* SetPriceView.swift in Sources */,
				1CA6D5222C7DAADB00525341 /* NextStepButton.swift in Sources */,
				1C374DF82C7B269D0098C9A8 /* SetGoalView.swift in Sources */,
				1C8FBCEC2C74AA3F00F6E5AC /* ContentView.swift in Sources */,
				1C8FBCEA2C74AA3F00F6E5AC /* ScreenTime_KillerApp.swift in Sources */,
				1CA6D5202C7DAA4E00525341 /* GrantPermissionsView.swift in Sources */,
				1C51C8D62C78696600A3B796 /* SessionManager.swift in Sources */,
				1CACCCA72C7C4D3300687EA9 /* TimePicker.swift in Sources */,
				1C51C8DA2C786D6D00A3B796 /* StepsView.swift in Sources */,
				1C51C8D82C786B1900A3B796 /* WelcomeView.swift in Sources */,
				1C51C8DC2C7B051600A3B796 /* MainAppView.swift in Sources */,
				1C51C8CF2C785A5400A3B796 /* CircularLogo.swift in Sources */,
			);
			runOnlyForDeploymentPostprocessing = 0;
		};
		1C8FBCF22C74AA4100F6E5AC /* Sources */ = {
			isa = PBXSourcesBuildPhase;
			buildActionMask = 2147483647;
			files = (
				1C8FBCFB2C74AA4100F6E5AC /* ScreenTime_KillerTests.swift in Sources */,
			);
			runOnlyForDeploymentPostprocessing = 0;
		};
		1C8FBCFC2C74AA4100F6E5AC /* Sources */ = {
			isa = PBXSourcesBuildPhase;
			buildActionMask = 2147483647;
			files = (
				1C8FBD072C74AA4100F6E5AC /* ScreenTime_KillerUITestsLaunchTests.swift in Sources */,
				1C8FBD052C74AA4100F6E5AC /* ScreenTime_KillerUITests.swift in Sources */,
			);
			runOnlyForDeploymentPostprocessing = 0;
		};
/* End PBXSourcesBuildPhase section */

/* Begin PBXTargetDependency section */
		1C8FBCF82C74AA4100F6E5AC /* PBXTargetDependency */ = {
			isa = PBXTargetDependency;
			target = 1C8FBCE52C74AA3F00F6E5AC /* ScreenTime Killer */;
			targetProxy = 1C8FBCF72C74AA4100F6E5AC /* PBXContainerItemProxy */;
		};
		1C8FBD022C74AA4100F6E5AC /* PBXTargetDependency */ = {
			isa = PBXTargetDependency;
			target = 1C8FBCE52C74AA3F00F6E5AC /* ScreenTime Killer */;
			targetProxy = 1C8FBD012C74AA4100F6E5AC /* PBXContainerItemProxy */;
		};
/* End PBXTargetDependency section */

/* Begin XCBuildConfiguration section */
		1C8FBD082C74AA4100F6E5AC /* Debug */ = {
			isa = XCBuildConfiguration;
			buildSettings = {
				ALWAYS_SEARCH_USER_PATHS = YES;
				ASSETCATALOG_COMPILER_GENERATE_SWIFT_ASSET_SYMBOL_EXTENSIONS = YES;
				CLANG_ANALYZER_NONNULL = YES;
				CLANG_ANALYZER_NUMBER_OBJECT_CONVERSION = YES_AGGRESSIVE;
				CLANG_CXX_LANGUAGE_STANDARD = "gnu++20";
				CLANG_ENABLE_MODULES = YES;
				CLANG_ENABLE_OBJC_ARC = YES;
				CLANG_ENABLE_OBJC_WEAK = YES;
				CLANG_WARN_BLOCK_CAPTURE_AUTORELEASING = YES;
				CLANG_WARN_BOOL_CONVERSION = YES;
				CLANG_WARN_COMMA = YES;
				CLANG_WARN_CONSTANT_CONVERSION = YES;
				CLANG_WARN_DEPRECATED_OBJC_IMPLEMENTATIONS = YES;
				CLANG_WARN_DIRECT_OBJC_ISA_USAGE = YES_ERROR;
				CLANG_WARN_DOCUMENTATION_COMMENTS = YES;
				CLANG_WARN_EMPTY_BODY = YES;
				CLANG_WARN_ENUM_CONVERSION = YES;
				CLANG_WARN_INFINITE_RECURSION = YES;
				CLANG_WARN_INT_CONVERSION = YES;
				CLANG_WARN_NON_LITERAL_NULL_CONVERSION = YES;
				CLANG_WARN_OBJC_IMPLICIT_RETAIN_SELF = YES;
				CLANG_WARN_OBJC_LITERAL_CONVERSION = YES;
				CLANG_WARN_OBJC_ROOT_CLASS = YES_ERROR;
				CLANG_WARN_QUOTED_INCLUDE_IN_FRAMEWORK_HEADER = YES;
				CLANG_WARN_RANGE_LOOP_ANALYSIS = YES;
				CLANG_WARN_STRICT_PROTOTYPES = YES;
				CLANG_WARN_SUSPICIOUS_MOVE = YES;
				CLANG_WARN_UNGUARDED_AVAILABILITY = YES_AGGRESSIVE;
				CLANG_WARN_UNREACHABLE_CODE = YES;
				CLANG_WARN__DUPLICATE_METHOD_MATCH = YES;
				COPY_PHASE_STRIP = NO;
				DEBUG_INFORMATION_FORMAT = dwarf;
				ENABLE_STRICT_OBJC_MSGSEND = YES;
				ENABLE_TESTABILITY = YES;
				ENABLE_USER_SCRIPT_SANDBOXING = YES;
				GCC_C_LANGUAGE_STANDARD = gnu17;
				GCC_DYNAMIC_NO_PIC = NO;
				GCC_NO_COMMON_BLOCKS = YES;
				GCC_OPTIMIZATION_LEVEL = 0;
				GCC_PREPROCESSOR_DEFINITIONS = (
					"DEBUG=1",
					"$(inherited)",
				);
				GCC_WARN_64_TO_32_BIT_CONVERSION = YES;
				GCC_WARN_ABOUT_RETURN_TYPE = YES_ERROR;
				GCC_WARN_UNDECLARED_SELECTOR = YES;
				GCC_WARN_UNINITIALIZED_AUTOS = YES_AGGRESSIVE;
				GCC_WARN_UNUSED_FUNCTION = YES;
				GCC_WARN_UNUSED_VARIABLE = YES;
				IPHONEOS_DEPLOYMENT_TARGET = 17.5;
				LOCALIZATION_PREFERS_STRING_CATALOGS = YES;
				MTL_ENABLE_DEBUG_INFO = INCLUDE_SOURCE;
				MTL_FAST_MATH = YES;
				ONLY_ACTIVE_ARCH = YES;
				SDKROOT = iphoneos;
				SWIFT_ACTIVE_COMPILATION_CONDITIONS = "DEBUG $(inherited)";
				SWIFT_OPTIMIZATION_LEVEL = "-Onone";
			};
			name = Debug;
		};
		1C8FBD092C74AA4100F6E5AC /* Release */ = {
			isa = XCBuildConfiguration;
			buildSettings = {
				ALWAYS_SEARCH_USER_PATHS = YES;
				ASSETCATALOG_COMPILER_GENERATE_SWIFT_ASSET_SYMBOL_EXTENSIONS = YES;
				CLANG_ANALYZER_NONNULL = YES;
				CLANG_ANALYZER_NUMBER_OBJECT_CONVERSION = YES_AGGRESSIVE;
				CLANG_CXX_LANGUAGE_STANDARD = "gnu++20";
				CLANG_ENABLE_MODULES = YES;
				CLANG_ENABLE_OBJC_ARC = YES;
				CLANG_ENABLE_OBJC_WEAK = YES;
				CLANG_WARN_BLOCK_CAPTURE_AUTORELEASING = YES;
				CLANG_WARN_BOOL_CONVERSION = YES;
				CLANG_WARN_COMMA = YES;
				CLANG_WARN_CONSTANT_CONVERSION = YES;
				CLANG_WARN_DEPRECATED_OBJC_IMPLEMENTATIONS = YES;
				CLANG_WARN_DIRECT_OBJC_ISA_USAGE = YES_ERROR;
				CLANG_WARN_DOCUMENTATION_COMMENTS = YES;
				CLANG_WARN_EMPTY_BODY = YES;
				CLANG_WARN_ENUM_CONVERSION = YES;
				CLANG_WARN_INFINITE_RECURSION = YES;
				CLANG_WARN_INT_CONVERSION = YES;
				CLANG_WARN_NON_LITERAL_NULL_CONVERSION = YES;
				CLANG_WARN_OBJC_IMPLICIT_RETAIN_SELF = YES;
				CLANG_WARN_OBJC_LITERAL_CONVERSION = YES;
				CLANG_WARN_OBJC_ROOT_CLASS = YES_ERROR;
				CLANG_WARN_QUOTED_INCLUDE_IN_FRAMEWORK_HEADER = YES;
				CLANG_WARN_RANGE_LOOP_ANALYSIS = YES;
				CLANG_WARN_STRICT_PROTOTYPES = YES;
				CLANG_WARN_SUSPICIOUS_MOVE = YES;
				CLANG_WARN_UNGUARDED_AVAILABILITY = YES_AGGRESSIVE;
				CLANG_WARN_UNREACHABLE_CODE = YES;
				CLANG_WARN__DUPLICATE_METHOD_MATCH = YES;
				COPY_PHASE_STRIP = NO;
				DEBUG_INFORMATION_FORMAT = "dwarf-with-dsym";
				ENABLE_NS_ASSERTIONS = NO;
				ENABLE_STRICT_OBJC_MSGSEND = YES;
				ENABLE_USER_SCRIPT_SANDBOXING = YES;
				GCC_C_LANGUAGE_STANDARD = gnu17;
				GCC_NO_COMMON_BLOCKS = YES;
				GCC_WARN_64_TO_32_BIT_CONVERSION = YES;
				GCC_WARN_ABOUT_RETURN_TYPE = YES_ERROR;
				GCC_WARN_UNDECLARED_SELECTOR = YES;
				GCC_WARN_UNINITIALIZED_AUTOS = YES_AGGRESSIVE;
				GCC_WARN_UNUSED_FUNCTION = YES;
				GCC_WARN_UNUSED_VARIABLE = YES;
				IPHONEOS_DEPLOYMENT_TARGET = 17.5;
				LOCALIZATION_PREFERS_STRING_CATALOGS = YES;
				MTL_ENABLE_DEBUG_INFO = NO;
				MTL_FAST_MATH = YES;
				SDKROOT = iphoneos;
				SWIFT_COMPILATION_MODE = wholemodule;
				VALIDATE_PRODUCT = YES;
			};
			name = Release;
		};
		1C8FBD0B2C74AA4100F6E5AC /* Debug */ = {
			isa = XCBuildConfiguration;
			buildSettings = {
				ASSETCATALOG_COMPILER_APPICON_NAME = AppIcon;
				ASSETCATALOG_COMPILER_GLOBAL_ACCENT_COLOR_NAME = AccentColor;
				CODE_SIGN_ENTITLEMENTS = "ScreenTime Killer/ScreenTime Killer.entitlements";
				CODE_SIGN_STYLE = Manual;
				CURRENT_PROJECT_VERSION = 1;
				DEVELOPMENT_ASSET_PATHS = "\"ScreenTime Killer/Preview Content\"";
				DEVELOPMENT_TEAM = "";
				ENABLE_PREVIEWS = YES;
				GENERATE_INFOPLIST_FILE = YES;
				INFOPLIST_KEY_LSApplicationCategoryType = "public.app-category.lifestyle";
				INFOPLIST_KEY_UIApplicationSceneManifest_Generation = YES;
				INFOPLIST_KEY_UIApplicationSupportsIndirectInputEvents = YES;
				INFOPLIST_KEY_UILaunchScreen_Generation = YES;
				INFOPLIST_KEY_UISupportedInterfaceOrientations_iPad = "UIInterfaceOrientationPortrait UIInterfaceOrientationPortraitUpsideDown UIInterfaceOrientationLandscapeLeft UIInterfaceOrientationLandscapeRight";
				INFOPLIST_KEY_UISupportedInterfaceOrientations_iPhone = "UIInterfaceOrientationPortrait UIInterfaceOrientationLandscapeLeft UIInterfaceOrientationLandscapeRight";
				IPHONEOS_DEPLOYMENT_TARGET = 17.5;
				LD_RUNPATH_SEARCH_PATHS = (
					"$(inherited)",
					"@executable_path/Frameworks",
				);
				MARKETING_VERSION = 1.0;
				PRODUCT_BUNDLE_IDENTIFIER = "idonov.ScreenTime-Killer";
				PRODUCT_NAME = "$(TARGET_NAME)";
				PROVISIONING_PROFILE_SPECIFIER = "";
				SWIFT_EMIT_LOC_STRINGS = YES;
				SWIFT_VERSION = 5.0;
				TARGETED_DEVICE_FAMILY = 1;
			};
			name = Debug;
		};
		1C8FBD0C2C74AA4100F6E5AC /* Release */ = {
			isa = XCBuildConfiguration;
			buildSettings = {
				ASSETCATALOG_COMPILER_APPICON_NAME = AppIcon;
				ASSETCATALOG_COMPILER_GLOBAL_ACCENT_COLOR_NAME = AccentColor;
				CODE_SIGN_ENTITLEMENTS = "ScreenTime Killer/ScreenTime Killer.entitlements";
				CODE_SIGN_STYLE = Manual;
				CURRENT_PROJECT_VERSION = 1;
				DEVELOPMENT_ASSET_PATHS = "\"ScreenTime Killer/Preview Content\"";
				DEVELOPMENT_TEAM = "";
				ENABLE_PREVIEWS = YES;
				GENERATE_INFOPLIST_FILE = YES;
				INFOPLIST_KEY_LSApplicationCategoryType = "public.app-category.lifestyle";
				INFOPLIST_KEY_UIApplicationSceneManifest_Generation = YES;
				INFOPLIST_KEY_UIApplicationSupportsIndirectInputEvents = YES;
				INFOPLIST_KEY_UILaunchScreen_Generation = YES;
				INFOPLIST_KEY_UISupportedInterfaceOrientations_iPad = "UIInterfaceOrientationPortrait UIInterfaceOrientationPortraitUpsideDown UIInterfaceOrientationLandscapeLeft UIInterfaceOrientationLandscapeRight";
				INFOPLIST_KEY_UISupportedInterfaceOrientations_iPhone = "UIInterfaceOrientationPortrait UIInterfaceOrientationLandscapeLeft UIInterfaceOrientationLandscapeRight";
				IPHONEOS_DEPLOYMENT_TARGET = 17.5;
				LD_RUNPATH_SEARCH_PATHS = (
					"$(inherited)",
					"@executable_path/Frameworks",
				);
				MARKETING_VERSION = 1.0;
				PRODUCT_BUNDLE_IDENTIFIER = "idonov.ScreenTime-Killer";
				PRODUCT_NAME = "$(TARGET_NAME)";
				PROVISIONING_PROFILE_SPECIFIER = "";
				SWIFT_EMIT_LOC_STRINGS = YES;
				SWIFT_VERSION = 5.0;
				TARGETED_DEVICE_FAMILY = 1;
			};
			name = Release;
		};
		1C8FBD0E2C74AA4100F6E5AC /* Debug */ = {
			isa = XCBuildConfiguration;
			buildSettings = {
				ALWAYS_EMBED_SWIFT_STANDARD_LIBRARIES = YES;
				BUNDLE_LOADER = "$(TEST_HOST)";
				CODE_SIGN_STYLE = Automatic;
				CURRENT_PROJECT_VERSION = 1;
				GENERATE_INFOPLIST_FILE = YES;
				IPHONEOS_DEPLOYMENT_TARGET = 17.5;
				MARKETING_VERSION = 1.0;
				PRODUCT_BUNDLE_IDENTIFIER = "idonov.ScreenTime-KillerTests";
				PRODUCT_NAME = "$(TARGET_NAME)";
				SWIFT_EMIT_LOC_STRINGS = NO;
				SWIFT_VERSION = 5.0;
				TARGETED_DEVICE_FAMILY = "1,2";
				TEST_HOST = "$(BUILT_PRODUCTS_DIR)/ScreenTime Killer.app/$(BUNDLE_EXECUTABLE_FOLDER_PATH)/ScreenTime Killer";
			};
			name = Debug;
		};
		1C8FBD0F2C74AA4100F6E5AC /* Release */ = {
			isa = XCBuildConfiguration;
			buildSettings = {
				ALWAYS_EMBED_SWIFT_STANDARD_LIBRARIES = YES;
				BUNDLE_LOADER = "$(TEST_HOST)";
				CODE_SIGN_STYLE = Automatic;
				CURRENT_PROJECT_VERSION = 1;
				GENERATE_INFOPLIST_FILE = YES;
				IPHONEOS_DEPLOYMENT_TARGET = 17.5;
				MARKETING_VERSION = 1.0;
				PRODUCT_BUNDLE_IDENTIFIER = "idonov.ScreenTime-KillerTests";
				PRODUCT_NAME = "$(TARGET_NAME)";
				SWIFT_EMIT_LOC_STRINGS = NO;
				SWIFT_VERSION = 5.0;
				TARGETED_DEVICE_FAMILY = "1,2";
				TEST_HOST = "$(BUILT_PRODUCTS_DIR)/ScreenTime Killer.app/$(BUNDLE_EXECUTABLE_FOLDER_PATH)/ScreenTime Killer";
			};
			name = Release;
		};
		1C8FBD112C74AA4100F6E5AC /* Debug */ = {
			isa = XCBuildConfiguration;
			buildSettings = {
				ALWAYS_EMBED_SWIFT_STANDARD_LIBRARIES = YES;
				CODE_SIGN_STYLE = Automatic;
				CURRENT_PROJECT_VERSION = 1;
				GENERATE_INFOPLIST_FILE = YES;
				MARKETING_VERSION = 1.0;
				PRODUCT_BUNDLE_IDENTIFIER = "idonov.ScreenTime-KillerUITests";
				PRODUCT_NAME = "$(TARGET_NAME)";
				SWIFT_EMIT_LOC_STRINGS = NO;
				SWIFT_VERSION = 5.0;
				TARGETED_DEVICE_FAMILY = "1,2";
				TEST_TARGET_NAME = "ScreenTime Killer";
			};
			name = Debug;
		};
		1C8FBD122C74AA4100F6E5AC /* Release */ = {
			isa = XCBuildConfiguration;
			buildSettings = {
				ALWAYS_EMBED_SWIFT_STANDARD_LIBRARIES = YES;
				CODE_SIGN_STYLE = Automatic;
				CURRENT_PROJECT_VERSION = 1;
				GENERATE_INFOPLIST_FILE = YES;
				MARKETING_VERSION = 1.0;
				PRODUCT_BUNDLE_IDENTIFIER = "idonov.ScreenTime-KillerUITests";
				PRODUCT_NAME = "$(TARGET_NAME)";
				SWIFT_EMIT_LOC_STRINGS = NO;
				SWIFT_VERSION = 5.0;
				TARGETED_DEVICE_FAMILY = "1,2";
				TEST_TARGET_NAME = "ScreenTime Killer";
			};
			name = Release;
		};
/* End XCBuildConfiguration section */

/* Begin XCConfigurationList section */
		1C8FBCE12C74AA3F00F6E5AC /* Build configuration list for PBXProject "ScreenTime Killer" */ = {
			isa = XCConfigurationList;
			buildConfigurations = (
				1C8FBD082C74AA4100F6E5AC /* Debug */,
				1C8FBD092C74AA4100F6E5AC /* Release */,
			);
			defaultConfigurationIsVisible = 0;
			defaultConfigurationName = Release;
		};
		1C8FBD0A2C74AA4100F6E5AC /* Build configuration list for PBXNativeTarget "ScreenTime Killer" */ = {
			isa = XCConfigurationList;
			buildConfigurations = (
				1C8FBD0B2C74AA4100F6E5AC /* Debug */,
				1C8FBD0C2C74AA4100F6E5AC /* Release */,
			);
			defaultConfigurationIsVisible = 0;
			defaultConfigurationName = Release;
		};
		1C8FBD0D2C74AA4100F6E5AC /* Build configuration list for PBXNativeTarget "ScreenTime KillerTests" */ = {
			isa = XCConfigurationList;
			buildConfigurations = (
				1C8FBD0E2C74AA4100F6E5AC /* Debug */,
				1C8FBD0F2C74AA4100F6E5AC /* Release */,
			);
			defaultConfigurationIsVisible = 0;
			defaultConfigurationName = Release;
		};
		1C8FBD102C74AA4100F6E5AC /* Build configuration list for PBXNativeTarget "ScreenTime KillerUITests" */ = {
			isa = XCConfigurationList;
			buildConfigurations = (
				1C8FBD112C74AA4100F6E5AC /* Debug */,
				1C8FBD122C74AA4100F6E5AC /* Release */,
			);
			defaultConfigurationIsVisible = 0;
			defaultConfigurationName = Release;
		};
/* End XCConfigurationList section */

/* Begin XCRemoteSwiftPackageReference section */
		1CA551492C7B1EB8002CAF37 /* XCRemoteSwiftPackageReference "swift" */ = {
			isa = XCRemoteSwiftPackageReference;
			repositoryURL = "https://github.com/phosphor-icons/swift";
			requirement = {
				kind = upToNextMajorVersion;
				minimumVersion = 2.1.0;
			};
		};
/* End XCRemoteSwiftPackageReference section */

/* Begin XCSwiftPackageProductDependency section */
		1CA5514A2C7B1EB8002CAF37 /* PhosphorSwift */ = {
			isa = XCSwiftPackageProductDependency;
			package = 1CA551492C7B1EB8002CAF37 /* XCRemoteSwiftPackageReference "swift" */;
			productName = PhosphorSwift;
		};
/* End XCSwiftPackageProductDependency section */
	};
	rootObject = 1C8FBCDE2C74AA3F00F6E5AC /* Project object */;
}
